
Microsoft Visual Studio Solution File, Format Version 12.00
# Visual Studio Version 17
VisualStudioVersion = 17.7.34221.43
MinimumVisualStudioVersion = 10.0.40219.1
Project("{FAE04EC0-301F-11D3-BF4B-00C04F79EFBC}") = "Kev_App_Stream", "Kev_App_Stream\Kev_App_Stream.csproj", "{8174785C-E270-41D0-8E8B-CA8255A83233}"
EndProject
Global
	GlobalSection(SolutionConfigurationPlatforms) = preSolution
		Debug|Any CPU = Debug|Any CPU
		Release|Any CPU = Release|Any CPU
	EndGlobalSection
	GlobalSection(ProjectConfigurationPlatforms) = postSolution
		{8174785C-E270-41D0-8E8B-CA8255A83233}.Debug|Any CPU.ActiveCfg = Debug|Any CPU
		{8174785C-E270-41D0-8E8B-CA8255A83233}.Debug|Any CPU.Build.0 = Debug|Any CPU
		{8174785C-E270-41D0-8E8B-CA8255A83233}.Release|Any CPU.ActiveCfg = Release|Any CPU
		{8174785C-E270-41D0-8E8B-CA8255A83233}.Release|Any CPU.Build.0 = Release|Any CPU
	EndGlobalSection
	GlobalSection(SolutionProperties) = preSolution
		HideSolutionNode = FALSE
	EndGlobalSection
	GlobalSection(ExtensibilityGlobals) = postSolution
		SolutionGuid = {0E09C983-3F1B-42F5-8FBD-89FB51B04D08}
	EndGlobalSection
EndGlobal
